hash: b79723d3080a7fe25349064158b303cd7ad925522463733d0d7f6a7be2f5c180
updated: 2017-10-27T08:35:59.138236444-06:00
imports:
- name: github.com/BurntSushi/toml
  version: a368813c5e648fee92e5f6c30e3944ff9d5e8895
testImports:
- name: github.com/davecgh/go-spew
  version: ecdeabc65495df2dec95d7c4a4c3e021903035e5
  subpackages:
  - spew
